
Microsoft Visual Studio Solution File, Format Version 12.00
# Visual Studio 15
VisualStudioVersion = 15.0.27004.2009
MinimumVisualStudioVersion = 10.0.40219.1
Project("{FAE04EC0-301F-11D3-BF4B-00C04F79EFBC}") = "OOPLab12", "OOPLab12\OOPLab12.csproj", "{CFBD4A1E-5780-44EC-B3D0-5E10F49CE388}"
EndProject
Global
	GlobalSection(SolutionConfigurationPlatforms) = preSolution
		Debug|Any CPU = Debug|Any CPU
		Release|Any CPU = Release|Any CPU
	EndGlobalSection
	GlobalSection(ProjectConfigurationPlatforms) = postSolution
		{CFBD4A1E-5780-44EC-B3D0-5E10F49CE388}.Debug|Any CPU.ActiveCfg = Debug|Any CPU
		{CFBD4A1E-5780-44EC-B3D0-5E10F49CE388}.Debug|Any CPU.Build.0 = Debug|Any CPU
		{CFBD4A1E-5780-44EC-B3D0-5E10F49CE388}.Release|Any CPU.ActiveCfg = Release|Any CPU
		{CFBD4A1E-5780-44EC-B3D0-5E10F49CE388}.Release|Any CPU.Build.0 = Release|Any CPU
	EndGlobalSection
	GlobalSection(SolutionProperties) = preSolution
		HideSolutionNode = FALSE
	EndGlobalSection
	GlobalSection(ExtensibilityGlobals) = postSolution
		SolutionGuid = {D885E734-FE67-43F0-8D28-0F0EAD2E02D1}
	EndGlobalSection
EndGlobal
